
Microsoft Visual Studio Solution File, Format Version 12.00
# Visual Studio 14
VisualStudioVersion = 14.0.25420.1
MinimumVisualStudioVersion = 10.0.40219.1
Project("{FAE04EC0-301F-11D3-BF4B-00C04F79EFBC}") = "NMA_Wall", "NMA_Wall\NMA_Wall.csproj", "{08208740-DC2E-4C6C-B779-ED239235C19D}"
EndProject
Project("{FAE04EC0-301F-11D3-BF4B-00C04F79EFBC}") = "NMA_Wall.BO", "NMA_Wall.BO\NMA_Wall.BO.csproj", "{1BE9FA0F-C010-4710-8910-E3FF38D486CD}"
EndProject
Project("{FAE04EC0-301F-11D3-BF4B-00C04F79EFBC}") = "NMA_Wall.DataLayer", "NMA_Wall.DataLayer\NMA_Wall.DataLayer.csproj", "{BBFFC074-9630-4256-8B83-D043BDB32BF3}"
EndProject
Global
	GlobalSection(SolutionConfigurationPlatforms) = preSolution
		Debug|Any CPU = Debug|Any CPU
		Release|Any CPU = Release|Any CPU
	EndGlobalSection
	GlobalSection(ProjectConfigurationPlatforms) = postSolution
		{08208740-DC2E-4C6C-B779-ED239235C19D}.Debug|Any CPU.ActiveCfg = Debug|Any CPU
		{08208740-DC2E-4C6C-B779-ED239235C19D}.Debug|Any CPU.Build.0 = Debug|Any CPU
		{08208740-DC2E-4C6C-B779-ED239235C19D}.Release|Any CPU.ActiveCfg = Release|Any CPU
		{08208740-DC2E-4C6C-B779-ED239235C19D}.Release|Any CPU.Build.0 = Release|Any CPU
		{1BE9FA0F-C010-4710-8910-E3FF38D486CD}.Debug|Any CPU.ActiveCfg = Debug|Any CPU
		{1BE9FA0F-C010-4710-8910-E3FF38D486CD}.Debug|Any CPU.Build.0 = Debug|Any CPU
		{1BE9FA0F-C010-4710-8910-E3FF38D486CD}.Release|Any CPU.ActiveCfg = Release|Any CPU
		{1BE9FA0F-C010-4710-8910-E3FF38D486CD}.Release|Any CPU.Build.0 = Release|Any CPU
		{BBFFC074-9630-4256-8B83-D043BDB32BF3}.Debug|Any CPU.ActiveCfg = Debug|Any CPU
		{BBFFC074-9630-4256-8B83-D043BDB32BF3}.Debug|Any CPU.Build.0 = Debug|Any CPU
		{BBFFC074-9630-4256-8B83-D043BDB32BF3}.Release|Any CPU.ActiveCfg = Release|Any CPU
		{BBFFC074-9630-4256-8B83-D043BDB32BF3}.Release|Any CPU.Build.0 = Release|Any CPU
	EndGlobalSection
	GlobalSection(SolutionProperties) = preSolution
		HideSolutionNode = FALSE
	EndGlobalSection
EndGlobal
